
Microsoft Visual Studio Solution File, Format Version 12.00
# Visual Studio 2013
VisualStudioVersion = 12.0.40629.0
MinimumVisualStudioVersion = 10.0.40219.1
Project("{FAE04EC0-301F-11D3-BF4B-00C04F79EFBC}") = "Sample1_1", "Sample1-1\Sample1_1.csproj", "{1DA37E53-CEE7-4AB5-A7AE-582D33C59749}"
EndProject
Project("{FAE04EC0-301F-11D3-BF4B-00C04F79EFBC}") = "Sample3_1", "Sample3_1\Sample3_1.csproj", "{88F7F51E-90D2-4015-9D89-2919B5CA29FC}"
EndProject
Project("{FAE04EC0-301F-11D3-BF4B-00C04F79EFBC}") = "Sample3_2", "Sample3_2\Sample3_2.csproj", "{D0EAE25E-637F-490E-8648-C9743A037B4C}"
EndProject
Project("{FAE04EC0-301F-11D3-BF4B-00C04F79EFBC}") = "Sample3_3", "Sample3_3\Sample3_3.csproj", "{77103462-1A55-4338-B260-E4B405C51716}"
EndProject
Project("{FAE04EC0-301F-11D3-BF4B-00C04F79EFBC}") = "Sample3_4", "Sample3_4\Sample3_4.csproj", "{AF342546-1CDF-48FA-9A61-B2A70D631222}"
EndProject
Project("{FAE04EC0-301F-11D3-BF4B-00C04F79EFBC}") = "Sample3_5", "Sample3_5\Sample3_5.csproj", "{B5BEC737-BBD2-4478-93EB-5E7197C70FF2}"
EndProject
Project("{FAE04EC0-301F-11D3-BF4B-00C04F79EFBC}") = "Sample3_6", "Sample3_6\Sample3_6.csproj", "{D67C670F-3055-446C-879A-1D88170CE664}"
EndProject
Project("{FAE04EC0-301F-11D3-BF4B-00C04F79EFBC}") = "Sample3_7", "Sample3_7\Sample3_7.csproj", "{B098F2EC-60BC-48D0-96B2-0C69AD6343F2}"
EndProject
Project("{FAE04EC0-301F-11D3-BF4B-00C04F79EFBC}") = "Sample4_1", "Sample4_1\Sample4_1.csproj", "{7BE660B8-B9B6-40AC-A38E-C630496A3B2E}"
EndProject
Project("{FAE04EC0-301F-11D3-BF4B-00C04F79EFBC}") = "Sample4_2", "Sample4_2\Sample4_2.csproj", "{DFAA2387-3EA4-4A37-BF83-F8F47B2C7859}"
EndProject
Project("{FAE04EC0-301F-11D3-BF4B-00C04F79EFBC}") = "Sample4_3", "Sample4_3\Sample4_3.csproj", "{4618E1F5-0107-4498-9B76-CED48270F00D}"
EndProject
Project("{FAE04EC0-301F-11D3-BF4B-00C04F79EFBC}") = "Sample4_4", "Sample4_4\Sample4_4.csproj", "{E50597CC-2BE2-4C91-8855-F01F0BC65915}"
EndProject
Project("{FAE04EC0-301F-11D3-BF4B-00C04F79EFBC}") = "Sample4_5", "Sample4_5\Sample4_5.csproj", "{345B0493-913C-4188-B19E-F00EA4AFAA1D}"
EndProject
Project("{FAE04EC0-301F-11D3-BF4B-00C04F79EFBC}") = "Sample4_6", "Sample4_6\Sample4_6.csproj", "{D5DF0AAD-9452-4D83-8F49-BF0F9827B0E0}"
EndProject
Project("{FAE04EC0-301F-11D3-BF4B-00C04F79EFBC}") = "Sample5", "Sample5_1\Sample5.csproj", "{9CBF83EB-E637-4046-8A22-06FDF7E2F97C}"
EndProject
Project("{FAE04EC0-301F-11D3-BF4B-00C04F79EFBC}") = "Sample6", "Sample6\Sample6.csproj", "{34E60D78-A62B-42FE-A0EE-EF9FAD65159B}"
EndProject
Global
	GlobalSection(SolutionConfigurationPlatforms) = preSolution
		Debug|Any CPU = Debug|Any CPU
		Release|Any CPU = Release|Any CPU
	EndGlobalSection
	GlobalSection(ProjectConfigurationPlatforms) = postSolution
		{1DA37E53-CEE7-4AB5-A7AE-582D33C59749}.Debug|Any CPU.ActiveCfg = Debug|Any CPU
		{1DA37E53-CEE7-4AB5-A7AE-582D33C59749}.Debug|Any CPU.Build.0 = Debug|Any CPU
		{1DA37E53-CEE7-4AB5-A7AE-582D33C59749}.Release|Any CPU.ActiveCfg = Release|Any CPU
		{1DA37E53-CEE7-4AB5-A7AE-582D33C59749}.Release|Any CPU.Build.0 = Release|Any CPU
		{88F7F51E-90D2-4015-9D89-2919B5CA29FC}.Debug|Any CPU.ActiveCfg = Debug|Any CPU
		{88F7F51E-90D2-4015-9D89-2919B5CA29FC}.Debug|Any CPU.Build.0 = Debug|Any CPU
		{88F7F51E-90D2-4015-9D89-2919B5CA29FC}.Release|Any CPU.ActiveCfg = Release|Any CPU
		{88F7F51E-90D2-4015-9D89-2919B5CA29FC}.Release|Any CPU.Build.0 = Release|Any CPU
		{D0EAE25E-637F-490E-8648-C9743A037B4C}.Debug|Any CPU.ActiveCfg = Debug|Any CPU
		{D0EAE25E-637F-490E-8648-C9743A037B4C}.Debug|Any CPU.Build.0 = Debug|Any CPU
		{D0EAE25E-637F-490E-8648-C9743A037B4C}.Release|Any CPU.ActiveCfg = Release|Any CPU
		{D0EAE25E-637F-490E-8648-C9743A037B4C}.Release|Any CPU.Build.0 = Release|Any CPU
		{77103462-1A55-4338-B260-E4B405C51716}.Debug|Any CPU.ActiveCfg = Debug|Any CPU
		{77103462-1A55-4338-B260-E4B405C51716}.Debug|Any CPU.Build.0 = Debug|Any CPU
		{77103462-1A55-4338-B260-E4B405C51716}.Release|Any CPU.ActiveCfg = Release|Any CPU
		{77103462-1A55-4338-B260-E4B405C51716}.Release|Any CPU.Build.0 = Release|Any CPU
		{AF342546-1CDF-48FA-9A61-B2A70D631222}.Debug|Any CPU.ActiveCfg = Debug|Any CPU
		{AF342546-1CDF-48FA-9A61-B2A70D631222}.Debug|Any CPU.Build.0 = Debug|Any CPU
		{AF342546-1CDF-48FA-9A61-B2A70D631222}.Release|Any CPU.ActiveCfg = Release|Any CPU
		{AF342546-1CDF-48FA-9A61-B2A70D631222}.Release|Any CPU.Build.0 = Release|Any CPU
		{B5BEC737-BBD2-4478-93EB-5E7197C70FF2}.Debug|Any CPU.ActiveCfg = Debug|Any CPU
		{B5BEC737-BBD2-4478-93EB-5E7197C70FF2}.Debug|Any CPU.Build.0 = Debug|Any CPU
		{B5BEC737-BBD2-4478-93EB-5E7197C70FF2}.Release|Any CPU.ActiveCfg = Release|Any CPU
		{B5BEC737-BBD2-4478-93EB-5E7197C70FF2}.Release|Any CPU.Build.0 = Release|Any CPU
		{D67C670F-3055-446C-879A-1D88170CE664}.Debug|Any CPU.ActiveCfg = Debug|Any CPU
		{D67C670F-3055-446C-879A-1D88170CE664}.Debug|Any CPU.Build.0 = Debug|Any CPU
		{D67C670F-3055-446C-879A-1D88170CE664}.Release|Any CPU.ActiveCfg = Release|Any CPU
		{D67C670F-3055-446C-879A-1D88170CE664}.Release|Any CPU.Build.0 = Release|Any CPU
		{B098F2EC-60BC-48D0-96B2-0C69AD6343F2}.Debug|Any CPU.ActiveCfg = Debug|Any CPU
		{B098F2EC-60BC-48D0-96B2-0C69AD6343F2}.Debug|Any CPU.Build.0 = Debug|Any CPU
		{B098F2EC-60BC-48D0-96B2-0C69AD6343F2}.Release|Any CPU.ActiveCfg = Release|Any CPU
		{B098F2EC-60BC-48D0-96B2-0C69AD6343F2}.Release|Any CPU.Build.0 = Release|Any CPU
		{7BE660B8-B9B6-40AC-A38E-C630496A3B2E}.Debug|Any CPU.ActiveCfg = Debug|Any CPU
		{7BE660B8-B9B6-40AC-A38E-C630496A3B2E}.Debug|Any CPU.Build.0 = Debug|Any CPU
		{7BE660B8-B9B6-40AC-A38E-C630496A3B2E}.Release|Any CPU.ActiveCfg = Release|Any CPU
		{7BE660B8-B9B6-40AC-A38E-C630496A3B2E}.Release|Any CPU.Build.0 = Release|Any CPU
		{DFAA2387-3EA4-4A37-BF83-F8F47B2C7859}.Debug|Any CPU.ActiveCfg = Debug|Any CPU
		{DFAA2387-3EA4-4A37-BF83-F8F47B2C7859}.Debug|Any CPU.Build.0 = Debug|Any CPU
		{DFAA2387-3EA4-4A37-BF83-F8F47B2C7859}.Release|Any CPU.ActiveCfg = Release|Any CPU
		{DFAA2387-3EA4-4A37-BF83-F8F47B2C7859}.Release|Any CPU.Build.0 = Release|Any CPU
		{4618E1F5-0107-4498-9B76-CED48270F00D}.Debug|Any CPU.ActiveCfg = Debug|Any CPU
		{4618E1F5-0107-4498-9B76-CED48270F00D}.Debug|Any CPU.Build.0 = Debug|Any CPU
		{4618E1F5-0107-4498-9B76-CED48270F00D}.Release|Any CPU.ActiveCfg = Release|Any CPU
		{4618E1F5-0107-4498-9B76-CED48270F00D}.Release|Any CPU.Build.0 = Release|Any CPU
		{E50597CC-2BE2-4C91-8855-F01F0BC65915}.Debug|Any CPU.ActiveCfg = Debug|Any CPU
		{E50597CC-2BE2-4C91-8855-F01F0BC65915}.Debug|Any CPU.Build.0 = Debug|Any CPU
		{E50597CC-2BE2-4C91-8855-F01F0BC65915}.Release|Any CPU.ActiveCfg = Release|Any CPU
		{E50597CC-2BE2-4C91-8855-F01F0BC65915}.Release|Any CPU.Build.0 = Release|Any CPU
		{345B0493-913C-4188-B19E-F00EA4AFAA1D}.Debug|Any CPU.ActiveCfg = Debug|Any CPU
		{345B0493-913C-4188-B19E-F00EA4AFAA1D}.Debug|Any CPU.Build.0 = Debug|Any CPU
		{345B0493-913C-4188-B19E-F00EA4AFAA1D}.Release|Any CPU.ActiveCfg = Release|Any CPU
		{345B0493-913C-4188-B19E-F00EA4AFAA1D}.Release|Any CPU.Build.0 = Release|Any CPU
		{D5DF0AAD-9452-4D83-8F49-BF0F9827B0E0}.Debug|Any CPU.ActiveCfg = Debug|Any CPU
		{D5DF0AAD-9452-4D83-8F49-BF0F9827B0E0}.Debug|Any CPU.Build.0 = Debug|Any CPU
		{D5DF0AAD-9452-4D83-8F49-BF0F9827B0E0}.Release|Any CPU.ActiveCfg = Release|Any CPU
		{D5DF0AAD-9452-4D83-8F49-BF0F9827B0E0}.Release|Any CPU.Build.0 = Release|Any CPU
		{9CBF83EB-E637-4046-8A22-06FDF7E2F97C}.Debug|Any CPU.ActiveCfg = Debug|Any CPU
		{9CBF83EB-E637-4046-8A22-06FDF7E2F97C}.Debug|Any CPU.Build.0 = Debug|Any CPU
		{9CBF83EB-E637-4046-8A22-06FDF7E2F97C}.Release|Any CPU.ActiveCfg = Release|Any CPU
		{9CBF83EB-E637-4046-8A22-06FDF7E2F97C}.Release|Any CPU.Build.0 = Release|Any CPU
		{34E60D78-A62B-42FE-A0EE-EF9FAD65159B}.Debug|Any CPU.ActiveCfg = Debug|Any CPU
		{34E60D78-A62B-42FE-A0EE-EF9FAD65159B}.Debug|Any CPU.Build.0 = Debug|Any CPU
		{34E60D78-A62B-42FE-A0EE-EF9FAD65159B}.Release|Any CPU.ActiveCfg = Release|Any CPU
		{34E60D78-A62B-42FE-A0EE-EF9FAD65159B}.Release|Any CPU.Build.0 = Release|Any CPU
	EndGlobalSection
	GlobalSection(SolutionProperties) = preSolution
		HideSolutionNode = FALSE
	EndGlobalSection
EndGlobal
